
Microsoft Visual Studio Solution File, Format Version 12.00
# Visual Studio Version 17
VisualStudioVersion = 17.4.33110.190
MinimumVisualStudioVersion = 10.0.40219.1
Project("{9A19103F-16F7-4668-BE54-9A1E7A4F7556}") = "esp", "src\esp.csproj", "{D122496A-0897-40B6-94B0-0D33AB867EDB}"
EndProject
Global
	GlobalSection(SolutionConfigurationPlatforms) = preSolution
		Debug|Any CPU = Debug|Any CPU
		Release|Any CPU = Release|Any CPU
	EndGlobalSection
	GlobalSection(ProjectConfigurationPlatforms) = postSolution
		{D122496A-0897-40B6-94B0-0D33AB867EDB}.Debug|Any CPU.ActiveCfg = Debug|Any CPU
		{D122496A-0897-40B6-94B0-0D33AB867EDB}.Debug|Any CPU.Build.0 = Debug|Any CPU
		{D122496A-0897-40B6-94B0-0D33AB867EDB}.Release|Any CPU.ActiveCfg = Release|Any CPU
		{D122496A-0897-40B6-94B0-0D33AB867EDB}.Release|Any CPU.Build.0 = Release|Any CPU
	EndGlobalSection
	GlobalSection(SolutionProperties) = preSolution
		HideSolutionNode = FALSE
	EndGlobalSection
	GlobalSection(ExtensibilityGlobals) = postSolution
		SolutionGuid = {A9A7EE89-DFC6-4A98-8FEC-28743DE1E8C2}
	EndGlobalSection
EndGlobal
