
Microsoft Visual Studio Solution File, Format Version 12.00
# Visual Studio Version 17
VisualStudioVersion = 17.4.33110.190
MinimumVisualStudioVersion = 10.0.40219.1
Project("{FAE04EC0-301F-11D3-BF4B-00C04F79EFBC}") = "Ga.Configuration", "src\Ga.Configuration\Ga.Configuration.csproj", "{1F72F29B-B015-401B-BC24-5507A4AB513F}"
EndProject
Project("{FAE04EC0-301F-11D3-BF4B-00C04F79EFBC}") = "Ga.Core", "src\Ga.Core\Ga.Core.csproj", "{27FFB987-6B3B-4042-A89C-F3DE26969607}"
EndProject
Project("{FAE04EC0-301F-11D3-BF4B-00C04F79EFBC}") = "Ga.Host", "src\Ga.Host\Ga.Host.csproj", "{C239B2E6-5EF6-4902-8345-15368BD6DC41}"
EndProject
Global
	GlobalSection(SolutionConfigurationPlatforms) = preSolution
		Debug|Any CPU = Debug|Any CPU
		Release|Any CPU = Release|Any CPU
	EndGlobalSection
	GlobalSection(ProjectConfigurationPlatforms) = postSolution
		{1F72F29B-B015-401B-BC24-5507A4AB513F}.Debug|Any CPU.ActiveCfg = Debug|Any CPU
		{1F72F29B-B015-401B-BC24-5507A4AB513F}.Debug|Any CPU.Build.0 = Debug|Any CPU
		{1F72F29B-B015-401B-BC24-5507A4AB513F}.Release|Any CPU.ActiveCfg = Release|Any CPU
		{1F72F29B-B015-401B-BC24-5507A4AB513F}.Release|Any CPU.Build.0 = Release|Any CPU
		{27FFB987-6B3B-4042-A89C-F3DE26969607}.Debug|Any CPU.ActiveCfg = Debug|Any CPU
		{27FFB987-6B3B-4042-A89C-F3DE26969607}.Debug|Any CPU.Build.0 = Debug|Any CPU
		{27FFB987-6B3B-4042-A89C-F3DE26969607}.Release|Any CPU.ActiveCfg = Release|Any CPU
		{27FFB987-6B3B-4042-A89C-F3DE26969607}.Release|Any CPU.Build.0 = Release|Any CPU
		{C239B2E6-5EF6-4902-8345-15368BD6DC41}.Debug|Any CPU.ActiveCfg = Debug|Any CPU
		{C239B2E6-5EF6-4902-8345-15368BD6DC41}.Debug|Any CPU.Build.0 = Debug|Any CPU
		{C239B2E6-5EF6-4902-8345-15368BD6DC41}.Release|Any CPU.ActiveCfg = Release|Any CPU
		{C239B2E6-5EF6-4902-8345-15368BD6DC41}.Release|Any CPU.Build.0 = Release|Any CPU
	EndGlobalSection
	GlobalSection(SolutionProperties) = preSolution
		HideSolutionNode = FALSE
	EndGlobalSection
	GlobalSection(ExtensibilityGlobals) = postSolution
		SolutionGuid = {A9A7EE89-DFC6-4A98-8FEC-28743DE1E8C2}
	EndGlobalSection
EndGlobal
